
Microsoft Visual Studio Solution File, Format Version 12.00
# Visual Studio Version 17
VisualStudioVersion = 17.13.35919.96
MinimumVisualStudioVersion = 10.0.40219.1
Project("{FAE04EC0-301F-11D3-BF4B-00C04F79EFBC}") = "ae-sample-identity-lib", "ae-sample-identity-lib\ae-sample-identity-lib.csproj", "{223F98A0-1AEC-427B-B262-2B056576FCBC}"
EndProject
Project("{FAE04EC0-301F-11D3-BF4B-00C04F79EFBC}") = "ae-sample-identity-webapp", "ae-sample-identity-webapp\ae-sample-identity-webapp.csproj", "{17010CD4-456C-4481-8A63-06617B0BB1F3}"
EndProject
Project("{FAE04EC0-301F-11D3-BF4B-00C04F79EFBC}") = "ae-sample-identity-unittests", "ae-sample-identity-unittests\ae-sample-identity-unittests.csproj", "{2DE33F33-2223-4243-A15E-5352E94AFAA4}"
EndProject
Project("{2150E333-8FDC-42A3-9474-1A3956D46DE8}") = "Tests", "Tests", "{02EA681E-C7D8-13C7-8484-4AC65E1B71E8}"
EndProject
Global
	GlobalSection(SolutionConfigurationPlatforms) = preSolution
		Debug|Any CPU = Debug|Any CPU
		Release|Any CPU = Release|Any CPU
	EndGlobalSection
	GlobalSection(ProjectConfigurationPlatforms) = postSolution
		{223F98A0-1AEC-427B-B262-2B056576FCBC}.Debug|Any CPU.ActiveCfg = Debug|Any CPU
		{223F98A0-1AEC-427B-B262-2B056576FCBC}.Debug|Any CPU.Build.0 = Debug|Any CPU
		{223F98A0-1AEC-427B-B262-2B056576FCBC}.Release|Any CPU.ActiveCfg = Release|Any CPU
		{223F98A0-1AEC-427B-B262-2B056576FCBC}.Release|Any CPU.Build.0 = Release|Any CPU
		{17010CD4-456C-4481-8A63-06617B0BB1F3}.Debug|Any CPU.ActiveCfg = Debug|Any CPU
		{17010CD4-456C-4481-8A63-06617B0BB1F3}.Debug|Any CPU.Build.0 = Debug|Any CPU
		{17010CD4-456C-4481-8A63-06617B0BB1F3}.Release|Any CPU.ActiveCfg = Release|Any CPU
		{17010CD4-456C-4481-8A63-06617B0BB1F3}.Release|Any CPU.Build.0 = Release|Any CPU
		{2DE33F33-2223-4243-A15E-5352E94AFAA4}.Debug|Any CPU.ActiveCfg = Debug|Any CPU
		{2DE33F33-2223-4243-A15E-5352E94AFAA4}.Debug|Any CPU.Build.0 = Debug|Any CPU
		{2DE33F33-2223-4243-A15E-5352E94AFAA4}.Release|Any CPU.ActiveCfg = Release|Any CPU
		{2DE33F33-2223-4243-A15E-5352E94AFAA4}.Release|Any CPU.Build.0 = Release|Any CPU
	EndGlobalSection
	GlobalSection(SolutionProperties) = preSolution
		HideSolutionNode = FALSE
	EndGlobalSection
	GlobalSection(NestedProjects) = preSolution
		{2DE33F33-2223-4243-A15E-5352E94AFAA4} = {02EA681E-C7D8-13C7-8484-4AC65E1B71E8}
	EndGlobalSection
	GlobalSection(ExtensibilityGlobals) = postSolution
		SolutionGuid = {BBDF3DA6-7AF5-48C4-A880-427D3489588E}
	EndGlobalSection
EndGlobal
